
Microsoft Visual Studio Solution File, Format Version 12.00
# Visual Studio Version 16
VisualStudioVersion = 16.0.29709.97
MinimumVisualStudioVersion = 10.0.40219.1
Project("{FAE04EC0-301F-11D3-BF4B-00C04F79EFBC}") = "MathMethods", "MathMethods.csproj", "{69B2D74A-6CA2-4757-8593-BF9E339459EA}"
EndProject
Global
	GlobalSection(SolutionConfigurationPlatforms) = preSolution
		Debug|Any CPU = Debug|Any CPU
		Release|Any CPU = Release|Any CPU
	EndGlobalSection
	GlobalSection(ProjectConfigurationPlatforms) = postSolution
		{69B2D74A-6CA2-4757-8593-BF9E339459EA}.Debug|Any CPU.ActiveCfg = Debug|Any CPU
		{69B2D74A-6CA2-4757-8593-BF9E339459EA}.Debug|Any CPU.Build.0 = Debug|Any CPU
		{69B2D74A-6CA2-4757-8593-BF9E339459EA}.Release|Any CPU.ActiveCfg = Release|Any CPU
		{69B2D74A-6CA2-4757-8593-BF9E339459EA}.Release|Any CPU.Build.0 = Release|Any CPU
	EndGlobalSection
	GlobalSection(SolutionProperties) = preSolution
		HideSolutionNode = FALSE
	EndGlobalSection
	GlobalSection(ExtensibilityGlobals) = postSolution
		SolutionGuid = {7CA04F0A-AAE6-4686-8F60-DE564238DBDB}
	EndGlobalSection
EndGlobal
