
Microsoft Visual Studio Solution File, Format Version 12.00
# Visual Studio Version 16
VisualStudioVersion = 16.0.29709.97
MinimumVisualStudioVersion = 10.0.40219.1
Project("{FAE04EC0-301F-11D3-BF4B-00C04F79EFBC}") = "GenericParameters", "GenericParameters.csproj", "{DE3D2637-DADC-45F7-AC59-54DE1EBA9154}"
EndProject
Global
	GlobalSection(SolutionConfigurationPlatforms) = preSolution
		Debug|Any CPU = Debug|Any CPU
		Release|Any CPU = Release|Any CPU
	EndGlobalSection
	GlobalSection(ProjectConfigurationPlatforms) = postSolution
		{DE3D2637-DADC-45F7-AC59-54DE1EBA9154}.Debug|Any CPU.ActiveCfg = Debug|Any CPU
		{DE3D2637-DADC-45F7-AC59-54DE1EBA9154}.Debug|Any CPU.Build.0 = Debug|Any CPU
		{DE3D2637-DADC-45F7-AC59-54DE1EBA9154}.Release|Any CPU.ActiveCfg = Release|Any CPU
		{DE3D2637-DADC-45F7-AC59-54DE1EBA9154}.Release|Any CPU.Build.0 = Release|Any CPU
	EndGlobalSection
	GlobalSection(SolutionProperties) = preSolution
		HideSolutionNode = FALSE
	EndGlobalSection
	GlobalSection(ExtensibilityGlobals) = postSolution
		SolutionGuid = {427CBB36-FD93-4878-9292-83A822613E8F}
	EndGlobalSection
EndGlobal
