
Microsoft Visual Studio Solution File, Format Version 12.00
# Visual Studio Version 16
VisualStudioVersion = 16.0.29709.97
MinimumVisualStudioVersion = 10.0.40219.1
Project("{FAE04EC0-301F-11D3-BF4B-00C04F79EFBC}") = "Concatenate-Convert-Stringbuilder", "Concatenate-Convert-Stringbuilder.csproj", "{793D763A-DE67-4229-85C3-9374077FDB6B}"
EndProject
Global
	GlobalSection(SolutionConfigurationPlatforms) = preSolution
		Debug|Any CPU = Debug|Any CPU
		Release|Any CPU = Release|Any CPU
	EndGlobalSection
	GlobalSection(ProjectConfigurationPlatforms) = postSolution
		{793D763A-DE67-4229-85C3-9374077FDB6B}.Debug|Any CPU.ActiveCfg = Debug|Any CPU
		{793D763A-DE67-4229-85C3-9374077FDB6B}.Debug|Any CPU.Build.0 = Debug|Any CPU
		{793D763A-DE67-4229-85C3-9374077FDB6B}.Release|Any CPU.ActiveCfg = Release|Any CPU
		{793D763A-DE67-4229-85C3-9374077FDB6B}.Release|Any CPU.Build.0 = Release|Any CPU
	EndGlobalSection
	GlobalSection(SolutionProperties) = preSolution
		HideSolutionNode = FALSE
	EndGlobalSection
	GlobalSection(ExtensibilityGlobals) = postSolution
		SolutionGuid = {CCD998B8-BDF3-453F-AE32-F2DAC0DE27F9}
	EndGlobalSection
EndGlobal
