
Microsoft Visual Studio Solution File, Format Version 12.00
# Visual Studio Version 16
VisualStudioVersion = 16.0.29709.97
MinimumVisualStudioVersion = 10.0.40219.1
Project("{FAE04EC0-301F-11D3-BF4B-00C04F79EFBC}") = "DateTimes", "DateTimes.csproj", "{ED17EB37-3A28-44B7-A40D-C99AA165900F}"
EndProject
Global
	GlobalSection(SolutionConfigurationPlatforms) = preSolution
		Debug|Any CPU = Debug|Any CPU
		Release|Any CPU = Release|Any CPU
	EndGlobalSection
	GlobalSection(ProjectConfigurationPlatforms) = postSolution
		{ED17EB37-3A28-44B7-A40D-C99AA165900F}.Debug|Any CPU.ActiveCfg = Debug|Any CPU
		{ED17EB37-3A28-44B7-A40D-C99AA165900F}.Debug|Any CPU.Build.0 = Debug|Any CPU
		{ED17EB37-3A28-44B7-A40D-C99AA165900F}.Release|Any CPU.ActiveCfg = Release|Any CPU
		{ED17EB37-3A28-44B7-A40D-C99AA165900F}.Release|Any CPU.Build.0 = Release|Any CPU
	EndGlobalSection
	GlobalSection(SolutionProperties) = preSolution
		HideSolutionNode = FALSE
	EndGlobalSection
	GlobalSection(ExtensibilityGlobals) = postSolution
		SolutionGuid = {D99197D4-9F45-40C7-808C-0CBCC3186FF3}
	EndGlobalSection
EndGlobal
