
Microsoft Visual Studio Solution File, Format Version 12.00
# Visual Studio Version 16
VisualStudioVersion = 16.0.29709.97
MinimumVisualStudioVersion = 10.0.40219.1
Project("{FAE04EC0-301F-11D3-BF4B-00C04F79EFBC}") = "OperatorOverloading", "OperatorOverloading.csproj", "{09797ACA-F453-4C15-A8AE-2A0AF7E09C67}"
EndProject
Global
	GlobalSection(SolutionConfigurationPlatforms) = preSolution
		Debug|Any CPU = Debug|Any CPU
		Release|Any CPU = Release|Any CPU
	EndGlobalSection
	GlobalSection(ProjectConfigurationPlatforms) = postSolution
		{09797ACA-F453-4C15-A8AE-2A0AF7E09C67}.Debug|Any CPU.ActiveCfg = Debug|Any CPU
		{09797ACA-F453-4C15-A8AE-2A0AF7E09C67}.Debug|Any CPU.Build.0 = Debug|Any CPU
		{09797ACA-F453-4C15-A8AE-2A0AF7E09C67}.Release|Any CPU.ActiveCfg = Release|Any CPU
		{09797ACA-F453-4C15-A8AE-2A0AF7E09C67}.Release|Any CPU.Build.0 = Release|Any CPU
	EndGlobalSection
	GlobalSection(SolutionProperties) = preSolution
		HideSolutionNode = FALSE
	EndGlobalSection
	GlobalSection(ExtensibilityGlobals) = postSolution
		SolutionGuid = {42A6D67D-E43F-4C56-8DF6-CC66073276D7}
	EndGlobalSection
EndGlobal
